
Microsoft Visual Studio Solution File, Format Version 12.00
# Visual Studio Version 17
VisualStudioVersion = 17.3.32901.215
MinimumVisualStudioVersion = 10.0.40219.1
Project("{FAE04EC0-301F-11D3-BF4B-00C04F79EFBC}") = "gecti-yada-kaldi", "gecti-yada-kaldi\gecti-yada-kaldi.csproj", "{ED5DBE70-65D7-49AE-8608-36D9D3E16738}"
EndProject
Global
	GlobalSection(SolutionConfigurationPlatforms) = preSolution
		Debug|Any CPU = Debug|Any CPU
		Release|Any CPU = Release|Any CPU
	EndGlobalSection
	GlobalSection(ProjectConfigurationPlatforms) = postSolution
		{ED5DBE70-65D7-49AE-8608-36D9D3E16738}.Debug|Any CPU.ActiveCfg = Debug|Any CPU
		{ED5DBE70-65D7-49AE-8608-36D9D3E16738}.Debug|Any CPU.Build.0 = Debug|Any CPU
		{ED5DBE70-65D7-49AE-8608-36D9D3E16738}.Release|Any CPU.ActiveCfg = Release|Any CPU
		{ED5DBE70-65D7-49AE-8608-36D9D3E16738}.Release|Any CPU.Build.0 = Release|Any CPU
	EndGlobalSection
	GlobalSection(SolutionProperties) = preSolution
		HideSolutionNode = FALSE
	EndGlobalSection
	GlobalSection(ExtensibilityGlobals) = postSolution
		SolutionGuid = {771C2539-C371-487A-BDAF-FB979F22FA9C}
	EndGlobalSection
EndGlobal
